
Microsoft Visual Studio Solution File, Format Version 12.00
# Visual Studio 15
VisualStudioVersion = 15.0.28307.779
MinimumVisualStudioVersion = 10.0.40219.1
Project("{FAE04EC0-301F-11D3-BF4B-00C04F79EFBC}") = "cardgame21vStruct", "cardgame21vStruct\cardgame21vStruct.csproj", "{6F3FB2A7-C092-4308-BE63-063EB38C1664}"
EndProject
Global
	GlobalSection(SolutionConfigurationPlatforms) = preSolution
		Debug|Any CPU = Debug|Any CPU
		Release|Any CPU = Release|Any CPU
	EndGlobalSection
	GlobalSection(ProjectConfigurationPlatforms) = postSolution
		{6F3FB2A7-C092-4308-BE63-063EB38C1664}.Debug|Any CPU.ActiveCfg = Debug|Any CPU
		{6F3FB2A7-C092-4308-BE63-063EB38C1664}.Debug|Any CPU.Build.0 = Debug|Any CPU
		{6F3FB2A7-C092-4308-BE63-063EB38C1664}.Release|Any CPU.ActiveCfg = Release|Any CPU
		{6F3FB2A7-C092-4308-BE63-063EB38C1664}.Release|Any CPU.Build.0 = Release|Any CPU
	EndGlobalSection
	GlobalSection(SolutionProperties) = preSolution
		HideSolutionNode = FALSE
	EndGlobalSection
	GlobalSection(ExtensibilityGlobals) = postSolution
		SolutionGuid = {BB70C3C6-F01B-4B0D-BCB8-5B5EA776AEE3}
	EndGlobalSection
EndGlobal
